# THIS IS AN AUTOGENERATED FILE. DO NOT EDIT THIS FILE DIRECTLY.
# yarn lockfile v1


ed-grid@^3.0.2:
  version "3.0.2"
  resolved "https://registry.yarnpkg.com/ed-grid/-/ed-grid-3.0.2.tgz#f75e95e16153ef5437f8323ad53a31011f4b1501"
  integrity sha512-2wFXy42Z0YAi6yZOB/9cajGtQf4n/ueUKaHJaeQeyjoPQWZNBBG1x1cifobMGXzQPnfMfP2wYrhvdcSACmU1ag==
